# This file is autogenerated, do not edit; changes may be undone by the next 'dep ensure'.


[[projects]]
  branch = "master"
  digest = "1:26d5c6a43ba3e45fa323b9a3e648b92a981f01ec93fdb5bbc6ce522711295d48"
  name = "github.com/VKCOM/noverify"
  packages = [
    "src/cmd",
    "src/git",
    "src/langsrv",
    "src/lintdebug",
    "src/linter",
    "src/meta",
    "src/phpdoc",
    "src/solver",
    "src/state",
    "src/vscode",
  ]
  pruneopts = "UT"
  revision = "fee07991cb6fff569b640f1e95067e5093a6c3f9"

[[projects]]
  branch = "master"
  digest = "1:2a4afef2ef0e4e4ab66b4f4f6a70bf6551ae8b727184771b5547e2b90245fe58"
  name = "github.com/cznic/golex"
  packages = ["lex"]
  pruneopts = "UT"
  revision = "9c343928389cc59a56eb4494e0b781f1a9145ec0"

[[projects]]
  digest = "1:6fa56224add8532a007e82c9fda9a21ede6eba8a500031c8d9c8c7b85667eb37"
  name = "github.com/z7zmey/php-parser"
  packages = [
    "comment",
    "errors",
    "node",
    "node/expr",
    "node/expr/assign",
    "node/expr/binary",
    "node/expr/cast",
    "node/name",
    "node/scalar",
    "node/stmt",
    "php7",
    "position",
    "printer",
    "scanner",
    "token",
    "walker",
  ]
  pruneopts = "UT"
  revision = "d67d45948ac16e5b455dd65963fc403299f38936"

[[projects]]
  digest = "1:e2e7f5211c3327ff52e02773e4fd477842b2fed07ead33ec342970de162610ac"
  name = "golang.org/x/text"
  packages = [
    "encoding",
    "encoding/charmap",
    "encoding/internal",
    "encoding/internal/identifier",
    "internal/gen",
    "transform",
    "unicode/cldr",
  ]
  pruneopts = "UT"
  revision = "f21a4dfb5e38f5895301dc265a8def02365cc3d0"
  version = "v0.3.0"

[solve-meta]
  analyzer-name = "dep"
  analyzer-version = 1
  input-imports = [
    "github.com/VKCOM/noverify/src/cmd",
    "github.com/VKCOM/noverify/src/linter",
    "github.com/VKCOM/noverify/src/meta",
    "github.com/z7zmey/php-parser/node",
    "github.com/z7zmey/php-parser/node/stmt",
    "github.com/z7zmey/php-parser/walker",
  ]
  solver-name = "gps-cdcl"
  solver-version = 1
